// !$*UTF8*$!
{
	archiveVersion = 1;
	classes = {
	};
	objectVersion = 55;
	objects = {

/* Begin PBXBuildFile section */
		34ED27184AF7976289F2B595 /* Pods_onoApps.framework in Frameworks */ = {isa = PBXBuildFile; fileRef = 492768F4879C7CEDB3B6FF94 /* Pods_onoApps.framework */; };
		3BC64D3427DA0D74008C6416 /* AppDelegate.swift in Sources */ = {isa = PBXBuildFile; fileRef = 3BC64D3327DA0D74008C6416 /* AppDelegate.swift */; };
		3BC64D3627DA0D74008C6416 /* SceneDelegate.swift in Sources */ = {isa = PBXBuildFile; fileRef = 3BC64D3527DA0D74008C6416 /* SceneDelegate.swift */; };
		3BC64D3827DA0D74008C6416 /* ViewController.swift in Sources */ = {isa = PBXBuildFile; fileRef = 3BC64D3727DA0D74008C6416 /* ViewController.swift */; };
		3BC64D3B27DA0D74008C6416 /* Main.storyboard in Resources */ = {isa = PBXBuildFile; fileRef = 3BC64D3927DA0D74008C6416 /* Main.storyboard */; };
		3BC64D3D27DA0D78008C6416 /* Assets.xcassets in Resources */ = {isa = PBXBuildFile; fileRef = 3BC64D3C27DA0D78008C6416 /* Assets.xcassets */; };
		3BC64D4027DA0D78008C6416 /* LaunchScreen.storyboard in Resources */ = {isa = PBXBuildFile; fileRef = 3BC64D3E27DA0D78008C6416 /* LaunchScreen.storyboard */; };
		3BC64D4D27DA0F9B008C6416 /* ViewModel.swift in Sources */ = {isa = PBXBuildFile; fileRef = 3BC64D4C27DA0F9B008C6416 /* ViewModel.swift */; };
		3BC64D4F27DA1084008C6416 /* Model.swift in Sources */ = {isa = PBXBuildFile; fileRef = 3BC64D4E27DA1084008C6416 /* Model.swift */; };
		3BC64D5227DA140A008C6416 /* Box.swift in Sources */ = {isa = PBXBuildFile; fileRef = 3BC64D5127DA140A008C6416 /* Box.swift */; };
		3BC64D5427DA1D6E008C6416 /* FruitTableViewCell.swift in Sources */ = {isa = PBXBuildFile; fileRef = 3BC64D5327DA1D6E008C6416 /* FruitTableViewCell.swift */; };
		3BC64D5827DA2096008C6416 /* FruitDetailsViewController.swift in Sources */ = {isa = PBXBuildFile; fileRef = 3BC64D5727DA2096008C6416 /* FruitDetailsViewController.swift */; };
/* End PBXBuildFile section */

/* Begin PBXFileReference section */
		20727CE6A994729AB83D9349 /* Pods-onoApps.release.xcconfig */ = {isa = PBXFileReference; includeInIndex = 1; lastKnownFileType = text.xcconfig; name = "Pods-onoApps.release.xcconfig"; path = "Target Support Files/Pods-onoApps/Pods-onoApps.release.xcconfig"; sourceTree = "<group>"; };
		3BC64D3027DA0D74008C6416 /* onoApps.app */ = {isa = PBXFileReference; explicitFileType = wrapper.application; includeInIndex = 0; path = onoApps.app; sourceTree = BUILT_PRODUCTS_DIR; };
		3BC64D3327DA0D74008C6416 /* AppDelegate.swift */ = {isa = PBXFileReference; lastKnownFileType = sourcecode.swift; path = AppDelegate.swift; sourceTree = "<group>"; };
		3BC64D3527DA0D74008C6416 /* SceneDelegate.swift */ = {isa = PBXFileReference; lastKnownFileType = sourcecode.swift; path = SceneDelegate.swift; sourceTree = "<group>"; };
		3BC64D3727DA0D74008C6416 /* ViewController.swift */ = {isa = PBXFileReference; lastKnownFileType = sourcecode.swift; path = ViewController.swift; sourceTree = "<group>"; };
		3BC64D3A27DA0D74008C6416 /* Base */ = {isa = PBXFileReference; lastKnownFileType = file.storyboard; name = Base; path = Base.lproj/Main.storyboard; sourceTree = "<group>"; };
		3BC64D3C27DA0D78008C6416 /* Assets.xcassets */ = {isa = PBXFileReference; lastKnownFileType = folder.assetcatalog; path = Assets.xcassets; sourceTree = "<group>"; };
		3BC64D3F27DA0D78008C6416 /* Base */ = {isa = PBXFileReference; lastKnownFileType = file.storyboard; name = Base; path = Base.lproj/LaunchScreen.storyboard; sourceTree = "<group>"; };
		3BC64D4127DA0D78008C6416 /* Info.plist */ = {isa = PBXFileReference; lastKnownFileType = text.plist.xml; path = Info.plist; sourceTree = "<group>"; };
		3BC64D4C27DA0F9B008C6416 /* ViewModel.swift */ = {isa = PBXFileReference; lastKnownFileType = sourcecode.swift; path = ViewModel.swift; sourceTree = "<group>"; };
		3BC64D4E27DA1084008C6416 /* Model.swift */ = {isa = PBXFileReference; lastKnownFileType = sourcecode.swift; path = Model.swift; sourceTree = "<group>"; };
		3BC64D5127DA140A008C6416 /* Box.swift */ = {isa = PBXFileReference; lastKnownFileType = sourcecode.swift; path = Box.swift; sourceTree = "<group>"; };
		3BC64D5327DA1D6E008C6416 /* FruitTableViewCell.swift */ = {isa = PBXFileReference; lastKnownFileType = sourcecode.swift; path = FruitTableViewCell.swift; sourceTree = "<group>"; };
		3BC64D5727DA2096008C6416 /* FruitDetailsViewController.swift */ = {isa = PBXFileReference; lastKnownFileType = sourcecode.swift; path = FruitDetailsViewController.swift; sourceTree = "<group>"; };
		492768F4879C7CEDB3B6FF94 /* Pods_onoApps.framework */ = {isa = PBXFileReference; explicitFileType = wrapper.framework; includeInIndex = 0; path = Pods_onoApps.framework; sourceTree = BUILT_PRODUCTS_DIR; };
		BECDBC882152025A3BA6F149 /* Pods-onoApps.debug.xcconfig */ = {isa = PBXFileReference; includeInIndex = 1; lastKnownFileType = text.xcconfig; name = "Pods-onoApps.debug.xcconfig"; path = "Target Support Files/Pods-onoApps/Pods-onoApps.debug.xcconfig"; sourceTree = "<group>"; };
/* End PBXFileReference section */

/* Begin PBXFrameworksBuildPhase section */
		3BC64D2D27DA0D74008C6416 /* Frameworks */ = {
			isa = PBXFrameworksBuildPhase;
			buildActionMask = 2147483647;
			files = (
				34ED27184AF7976289F2B595 /* Pods_onoApps.framework in Frameworks */,
			);
			runOnlyForDeploymentPostprocessing = 0;
		};
/* End PBXFrameworksBuildPhase section */

/* Begin PBXGroup section */
		3BC64D2727DA0D74008C6416 = {
			isa = PBXGroup;
			children = (
				3BC64D3227DA0D74008C6416 /* onoApps */,
				3BC64D3127DA0D74008C6416 /* Products */,
				46231DD2696F141305102F6F /* Pods */,
				8BA2EECA2706AE6EC69CFB7E /* Frameworks */,
			);
			sourceTree = "<group>";
		};
		3BC64D3127DA0D74008C6416 /* Products */ = {
			isa = PBXGroup;
			children = (
				3BC64D3027DA0D74008C6416 /* onoApps.app */,
			);
			name = Products;
			sourceTree = "<group>";
		};
		3BC64D3227DA0D74008C6416 /* onoApps */ = {
			isa = PBXGroup;
			children = (
				3BC64D5027DA1401008C6416 /* Utils */,
				3BC64D4B27DA0ED7008C6416 /* Storyboards */,
				3BC64D4A27DA0EC2008C6416 /* Resources */,
				3BC64D4927DA0EBA008C6416 /* Models */,
				3BC64D4827DA0EB4008C6416 /* View Models */,
				3BC64D4727DA0EA9008C6416 /* Views */,
				3BC64D4127DA0D78008C6416 /* Info.plist */,
			);
			path = onoApps;
			sourceTree = "<group>";
		};
		3BC64D4727DA0EA9008C6416 /* Views */ = {
			isa = PBXGroup;
			children = (
				3BC64D3727DA0D74008C6416 /* ViewController.swift */,
				3BC64D5327DA1D6E008C6416 /* FruitTableViewCell.swift */,
				3BC64D5727DA2096008C6416 /* FruitDetailsViewController.swift */,
			);
			path = Views;
			sourceTree = "<group>";
		};
		3BC64D4827DA0EB4008C6416 /* View Models */ = {
			isa = PBXGroup;
			children = (
				3BC64D4C27DA0F9B008C6416 /* ViewModel.swift */,
			);
			path = "View Models";
			sourceTree = "<group>";
		};
		3BC64D4927DA0EBA008C6416 /* Models */ = {
			isa = PBXGroup;
			children = (
				3BC64D4E27DA1084008C6416 /* Model.swift */,
			);
			path = Models;
			sourceTree = "<group>";
		};
		3BC64D4A27DA0EC2008C6416 /* Resources */ = {
			isa = PBXGroup;
			children = (
				3BC64D3327DA0D74008C6416 /* AppDelegate.swift */,
				3BC64D3527DA0D74008C6416 /* SceneDelegate.swift */,
				3BC64D3C27DA0D78008C6416 /* Assets.xcassets */,
			);
			path = Resources;
			sourceTree = "<group>";
		};
		3BC64D4B27DA0ED7008C6416 /* Storyboards */ = {
			isa = PBXGroup;
			children = (
				3BC64D3927DA0D74008C6416 /* Main.storyboard */,
				3BC64D3E27DA0D78008C6416 /* LaunchScreen.storyboard */,
			);
			path = Storyboards;
			sourceTree = "<group>";
		};
		3BC64D5027DA1401008C6416 /* Utils */ = {
			isa = PBXGroup;
			children = (
				3BC64D5127DA140A008C6416 /* Box.swift */,
			);
			path = Utils;
			sourceTree = "<group>";
		};
		46231DD2696F141305102F6F /* Pods */ = {
			isa = PBXGroup;
			children = (
				BECDBC882152025A3BA6F149 /* Pods-onoApps.debug.xcconfig */,
				20727CE6A994729AB83D9349 /* Pods-onoApps.release.xcconfig */,
			);
			path = Pods;
			sourceTree = "<group>";
		};
		8BA2EECA2706AE6EC69CFB7E /* Frameworks */ = {
			isa = PBXGroup;
			children = (
				492768F4879C7CEDB3B6FF94 /* Pods_onoApps.framework */,
			);
			name = Frameworks;
			sourceTree = "<group>";
		};
/* End PBXGroup section */

/* Begin PBXNativeTarget section */
		3BC64D2F27DA0D74008C6416 /* onoApps */ = {
			isa = PBXNativeTarget;
			buildConfigurationList = 3BC64D4427DA0D78008C6416 /* Build configuration list for PBXNativeTarget "onoApps" */;
			buildPhases = (
				60349F85EC770ED50063A750 /* [CP] Check Pods Manifest.lock */,
				3BC64D2C27DA0D74008C6416 /* Sources */,
				3BC64D2D27DA0D74008C6416 /* Frameworks */,
				3BC64D2E27DA0D74008C6416 /* Resources */,
				9FA8F9728ADE34C77C4A58C2 /* [CP] Embed Pods Frameworks */,
			);
			buildRules = (
			);
			dependencies = (
			);
			name = onoApps;
			productName = onoApps;
			productReference = 3BC64D3027DA0D74008C6416 /* onoApps.app */;
			productType = "com.apple.product-type.application";
		};
/* End PBXNativeTarget section */

/* Begin PBXProject section */
		3BC64D2827DA0D74008C6416 /* Project object */ = {
			isa = PBXProject;
			attributes = {
				BuildIndependentTargetsInParallel = 1;
				LastSwiftUpdateCheck = 1320;
				LastUpgradeCheck = 1320;
				TargetAttributes = {
					3BC64D2F27DA0D74008C6416 = {
						CreatedOnToolsVersion = 13.2.1;
					};
				};
			};
			buildConfigurationList = 3BC64D2B27DA0D74008C6416 /* Build configuration list for PBXProject "onoApps" */;
			compatibilityVersion = "Xcode 13.0";
			developmentRegion = en;
			hasScannedForEncodings = 0;
			knownRegions = (
				en,
				Base,
			);
			mainGroup = 3BC64D2727DA0D74008C6416;
			productRefGroup = 3BC64D3127DA0D74008C6416 /* Products */;
			projectDirPath = "";
			projectRoot = "";
			targets = (
				3BC64D2F27DA0D74008C6416 /* onoApps */,
			);
		};
/* End PBXProject section */

/* Begin PBXResourcesBuildPhase section */
		3BC64D2E27DA0D74008C6416 /* Resources */ = {
			isa = PBXResourcesBuildPhase;
			buildActionMask = 2147483647;
			files = (
				3BC64D4027DA0D78008C6416 /* LaunchScreen.storyboard in Resources */,
				3BC64D3D27DA0D78008C6416 /* Assets.xcassets in Resources */,
				3BC64D3B27DA0D74008C6416 /* Main.storyboard in Resources */,
			);
			runOnlyForDeploymentPostprocessing = 0;
		};
/* End PBXResourcesBuildPhase section */

/* Begin PBXShellScriptBuildPhase section */
		60349F85EC770ED50063A750 /* [CP] Check Pods Manifest.lock */ = {
			isa = PBXShellScriptBuildPhase;
			buildActionMask = 2147483647;
			files = (
			);
			inputFileListPaths = (
			);
			inputPaths = (
				"${PODS_PODFILE_DIR_PATH}/Podfile.lock",
				"${PODS_ROOT}/Manifest.lock",
			);
			name = "[CP] Check Pods Manifest.lock";
			outputFileListPaths = (
			);
			outputPaths = (
				"$(DERIVED_FILE_DIR)/Pods-onoApps-checkManifestLockResult.txt",
			);
			runOnlyForDeploymentPostprocessing = 0;
			shellPath = /bin/sh;
			shellScript = "diff \"${PODS_PODFILE_DIR_PATH}/Podfile.lock\" \"${PODS_ROOT}/Manifest.lock\" > /dev/null\nif [ $? != 0 ] ; then\n    # print error to STDERR\n    echo \"error: The sandbox is not in sync with the Podfile.lock. Run 'pod install' or update your CocoaPods installation.\" >&2\n    exit 1\nfi\n# This output is used by Xcode 'outputs' to avoid re-running this script phase.\necho \"SUCCESS\" > \"${SCRIPT_OUTPUT_FILE_0}\"\n";
			showEnvVarsInLog = 0;
		};
		9FA8F9728ADE34C77C4A58C2 /* [CP] Embed Pods Frameworks */ = {
			isa = PBXShellScriptBuildPhase;
			buildActionMask = 2147483647;
			files = (
			);
			inputFileListPaths = (
				"${PODS_ROOT}/Target Support Files/Pods-onoApps/Pods-onoApps-frameworks-${CONFIGURATION}-input-files.xcfilelist",
			);
			name = "[CP] Embed Pods Frameworks";
			outputFileListPaths = (
				"${PODS_ROOT}/Target Support Files/Pods-onoApps/Pods-onoApps-frameworks-${CONFIGURATION}-output-files.xcfilelist",
			);
			runOnlyForDeploymentPostprocessing = 0;
			shellPath = /bin/sh;
			shellScript = "\"${PODS_ROOT}/Target Support Files/Pods-onoApps/Pods-onoApps-frameworks.sh\"\n";
			showEnvVarsInLog = 0;
		};
/* End PBXShellScriptBuildPhase section */

/* Begin PBXSourcesBuildPhase section */
		3BC64D2C27DA0D74008C6416 /* Sources */ = {
			isa = PBXSourcesBuildPhase;
			buildActionMask = 2147483647;
			files = (
				3BC64D4F27DA1084008C6416 /* Model.swift in Sources */,
				3BC64D3827DA0D74008C6416 /* ViewController.swift in Sources */,
				3BC64D5427DA1D6E008C6416 /* FruitTableViewCell.swift in Sources */,
				3BC64D3427DA0D74008C6416 /* AppDelegate.swift in Sources */,
				3BC64D5827DA2096008C6416 /* FruitDetailsViewController.swift in Sources */,
				3BC64D5227DA140A008C6416 /* Box.swift in Sources */,
				3BC64D4D27DA0F9B008C6416 /* ViewModel.swift in Sources */,
				3BC64D3627DA0D74008C6416 /* SceneDelegate.swift in Sources */,
			);
			runOnlyForDeploymentPostprocessing = 0;
		};
/* End PBXSourcesBuildPhase section */

/* Begin PBXVariantGroup section */
		3BC64D3927DA0D74008C6416 /* Main.storyboard */ = {
			isa = PBXVariantGroup;
			children = (
				3BC64D3A27DA0D74008C6416 /* Base */,
			);
			name = Main.storyboard;
			sourceTree = "<group>";
		};
		3BC64D3E27DA0D78008C6416 /* LaunchScreen.storyboard */ = {
			isa = PBXVariantGroup;
			children = (
				3BC64D3F27DA0D78008C6416 /* Base */,
			);
			name = LaunchScreen.storyboard;
			sourceTree = "<group>";
		};
/* End PBXVariantGroup section */

/* Begin XCBuildConfiguration section */
		3BC64D4227DA0D78008C6416 /* Debug */ = {
			isa = XCBuildConfiguration;
			buildSettings = {
				ALWAYS_SEARCH_USER_PATHS = NO;
				CLANG_ANALYZER_NONNULL = YES;
				CLANG_ANALYZER_NUMBER_OBJECT_CONVERSION = YES_AGGRESSIVE;
				CLANG_CXX_LANGUAGE_STANDARD = "gnu++17";
				CLANG_CXX_LIBRARY = "libc++";
				CLANG_ENABLE_MODULES = YES;
				CLANG_ENABLE_OBJC_ARC = YES;
				CLANG_ENABLE_OBJC_WEAK = YES;
				CLANG_WARN_BLOCK_CAPTURE_AUTORELEASING = YES;
				CLANG_WARN_BOOL_CONVERSION = YES;
				CLANG_WARN_COMMA = YES;
				CLANG_WARN_CONSTANT_CONVERSION = YES;
				CLANG_WARN_DEPRECATED_OBJC_IMPLEMENTATIONS = YES;
				CLANG_WARN_DIRECT_OBJC_ISA_USAGE = YES_ERROR;
				CLANG_WARN_DOCUMENTATION_COMMENTS = YES;
				CLANG_WARN_EMPTY_BODY = YES;
				CLANG_WARN_ENUM_CONVERSION = YES;
				CLANG_WARN_INFINITE_RECURSION = YES;
				CLANG_WARN_INT_CONVERSION = YES;
				CLANG_WARN_NON_LITERAL_NULL_CONVERSION = YES;
				CLANG_WARN_OBJC_IMPLICIT_RETAIN_SELF = YES;
				CLANG_WARN_OBJC_LITERAL_CONVERSION = YES;
				CLANG_WARN_OBJC_ROOT_CLASS = YES_ERROR;
				CLANG_WARN_QUOTED_INCLUDE_IN_FRAMEWORK_HEADER = YES;
				CLANG_WARN_RANGE_LOOP_ANALYSIS = YES;
				CLANG_WARN_STRICT_PROTOTYPES = YES;
				CLANG_WARN_SUSPICIOUS_MOVE = YES;
				CLANG_WARN_UNGUARDED_AVAILABILITY = YES_AGGRESSIVE;
				CLANG_WARN_UNREACHABLE_CODE = YES;
				CLANG_WARN__DUPLICATE_METHOD_MATCH = YES;
				COPY_PHASE_STRIP = NO;
				DEBUG_INFORMATION_FORMAT = dwarf;
				ENABLE_STRICT_OBJC_MSGSEND = YES;
				ENABLE_TESTABILITY = YES;
				GCC_C_LANGUAGE_STANDARD = gnu11;
				GCC_DYNAMIC_NO_PIC = NO;
				GCC_NO_COMMON_BLOCKS = YES;
				GCC_OPTIMIZATION_LEVEL = 0;
				GCC_PREPROCESSOR_DEFINITIONS = (
					"DEBUG=1",
					"$(inherited)",
				);
				GCC_WARN_64_TO_32_BIT_CONVERSION = YES;
				GCC_WARN_ABOUT_RETURN_TYPE = YES_ERROR;
				GCC_WARN_UNDECLARED_SELECTOR = YES;
				GCC_WARN_UNINITIALIZED_AUTOS = YES_AGGRESSIVE;
				GCC_WARN_UNUSED_FUNCTION = YES;
				GCC_WARN_UNUSED_VARIABLE = YES;
				IPHONEOS_DEPLOYMENT_TARGET = 15.2;
				MTL_ENABLE_DEBUG_INFO = INCLUDE_SOURCE;
				MTL_FAST_MATH = YES;
				ONLY_ACTIVE_ARCH = YES;
				SDKROOT = iphoneos;
				SWIFT_ACTIVE_COMPILATION_CONDITIONS = DEBUG;
				SWIFT_OPTIMIZATION_LEVEL = "-Onone";
			};
			name = Debug;
		};
		3BC64D4327DA0D78008C6416 /* Release */ = {
			isa = XCBuildConfiguration;
			buildSettings = {
				ALWAYS_SEARCH_USER_PATHS = NO;
				CLANG_ANALYZER_NONNULL = YES;
				CLANG_ANALYZER_NUMBER_OBJECT_CONVERSION = YES_AGGRESSIVE;
				CLANG_CXX_LANGUAGE_STANDARD = "gnu++17";
				CLANG_CXX_LIBRARY = "libc++";
				CLANG_ENABLE_MODULES = YES;
				CLANG_ENABLE_OBJC_ARC = YES;
				CLANG_ENABLE_OBJC_WEAK = YES;
				CLANG_WARN_BLOCK_CAPTURE_AUTORELEASING = YES;
				CLANG_WARN_BOOL_CONVERSION = YES;
				CLANG_WARN_COMMA = YES;
				CLANG_WARN_CONSTANT_CONVERSION = YES;
				CLANG_WARN_DEPRECATED_OBJC_IMPLEMENTATIONS = YES;
				CLANG_WARN_DIRECT_OBJC_ISA_USAGE = YES_ERROR;
				CLANG_WARN_DOCUMENTATION_COMMENTS = YES;
				CLANG_WARN_EMPTY_BODY = YES;
				CLANG_WARN_ENUM_CONVERSION = YES;
				CLANG_WARN_INFINITE_RECURSION = YES;
				CLANG_WARN_INT_CONVERSION = YES;
				CLANG_WARN_NON_LITERAL_NULL_CONVERSION = YES;
				CLANG_WARN_OBJC_IMPLICIT_RETAIN_SELF = YES;
				CLANG_WARN_OBJC_LITERAL_CONVERSION = YES;
				CLANG_WARN_OBJC_ROOT_CLASS = YES_ERROR;
				CLANG_WARN_QUOTED_INCLUDE_IN_FRAMEWORK_HEADER = YES;
				CLANG_WARN_RANGE_LOOP_ANALYSIS = YES;
				CLANG_WARN_STRICT_PROTOTYPES = YES;
				CLANG_WARN_SUSPICIOUS_MOVE = YES;
				CLANG_WARN_UNGUARDED_AVAILABILITY = YES_AGGRESSIVE;
				CLANG_WARN_UNREACHABLE_CODE = YES;
				CLANG_WARN__DUPLICATE_METHOD_MATCH = YES;
				COPY_PHASE_STRIP = NO;
				DEBUG_INFORMATION_FORMAT = "dwarf-with-dsym";
				ENABLE_NS_ASSERTIONS = NO;
				ENABLE_STRICT_OBJC_MSGSEND = YES;
				GCC_C_LANGUAGE_STANDARD = gnu11;
				GCC_NO_COMMON_BLOCKS = YES;
				GCC_WARN_64_TO_32_BIT_CONVERSION = YES;
				GCC_WARN_ABOUT_RETURN_TYPE = YES_ERROR;
				GCC_WARN_UNDECLARED_SELECTOR = YES;
				GCC_WARN_UNINITIALIZED_AUTOS = YES_AGGRESSIVE;
				GCC_WARN_UNUSED_FUNCTION = YES;
				GCC_WARN_UNUSED_VARIABLE = YES;
				IPHONEOS_DEPLOYMENT_TARGET = 15.2;
				MTL_ENABLE_DEBUG_INFO = NO;
				MTL_FAST_MATH = YES;
				SDKROOT = iphoneos;
				SWIFT_COMPILATION_MODE = wholemodule;
				SWIFT_OPTIMIZATION_LEVEL = "-O";
				VALIDATE_PRODUCT = YES;
			};
			name = Release;
		};
		3BC64D4527DA0D78008C6416 /* Debug */ = {
			isa = XCBuildConfiguration;
			baseConfigurationReference = BECDBC882152025A3BA6F149 /* Pods-onoApps.debug.xcconfig */;
			buildSettings = {
				ASSETCATALOG_COMPILER_APPICON_NAME = AppIcon;
				ASSETCATALOG_COMPILER_GLOBAL_ACCENT_COLOR_NAME = AccentColor;
				CODE_SIGN_STYLE = Automatic;
				CURRENT_PROJECT_VERSION = 1;
				DEVELOPMENT_TEAM = 9Q993P8C7D;
				GENERATE_INFOPLIST_FILE = YES;
				INFOPLIST_FILE = onoApps/Info.plist;
				INFOPLIST_KEY_UIApplicationSupportsIndirectInputEvents = YES;
				INFOPLIST_KEY_UILaunchStoryboardName = LaunchScreen;
				INFOPLIST_KEY_UIMainStoryboardFile = Main;
				INFOPLIST_KEY_UISupportedInterfaceOrientations_iPad = "UIInterfaceOrientationPortrait UIInterfaceOrientationPortraitUpsideDown UIInterfaceOrientationLandscapeLeft UIInterfaceOrientationLandscapeRight";
				INFOPLIST_KEY_UISupportedInterfaceOrientations_iPhone = "UIInterfaceOrientationPortrait UIInterfaceOrientationLandscapeLeft UIInterfaceOrientationLandscapeRight";
				LD_RUNPATH_SEARCH_PATHS = (
					"$(inherited)",
					"@executable_path/Frameworks",
				);
				MARKETING_VERSION = 1.0;
				PRODUCT_BUNDLE_IDENTIFIER = com.golangil.onoApps;
				PRODUCT_NAME = "$(TARGET_NAME)";
				SWIFT_EMIT_LOC_STRINGS = YES;
				SWIFT_VERSION = 5.0;
				TARGETED_DEVICE_FAMILY = "1,2";
			};
			name = Debug;
		};
		3BC64D4627DA0D78008C6416 /* Release */ = {
			isa = XCBuildConfiguration;
			baseConfigurationReference = 20727CE6A994729AB83D9349 /* Pods-onoApps.release.xcconfig */;
			buildSettings = {
				ASSETCATALOG_COMPILER_APPICON_NAME = AppIcon;
				ASSETCATALOG_COMPILER_GLOBAL_ACCENT_COLOR_NAME = AccentColor;
				CODE_SIGN_STYLE = Automatic;
				CURRENT_PROJECT_VERSION = 1;
				DEVELOPMENT_TEAM = 9Q993P8C7D;
				GENERATE_INFOPLIST_FILE = YES;
				INFOPLIST_FILE = onoApps/Info.plist;
				INFOPLIST_KEY_UIApplicationSupportsIndirectInputEvents = YES;
				INFOPLIST_KEY_UILaunchStoryboardName = LaunchScreen;
				INFOPLIST_KEY_UIMainStoryboardFile = Main;
				INFOPLIST_KEY_UISupportedInterfaceOrientations_iPad = "UIInterfaceOrientationPortrait UIInterfaceOrientationPortraitUpsideDown UIInterfaceOrientationLandscapeLeft UIInterfaceOrientationLandscapeRight";
				INFOPLIST_KEY_UISupportedInterfaceOrientations_iPhone = "UIInterfaceOrientationPortrait UIInterfaceOrientationLandscapeLeft UIInterfaceOrientationLandscapeRight";
				LD_RUNPATH_SEARCH_PATHS = (
					"$(inherited)",
					"@executable_path/Frameworks",
				);
				MARKETING_VERSION = 1.0;
				PRODUCT_BUNDLE_IDENTIFIER = com.golangil.onoApps;
				PRODUCT_NAME = "$(TARGET_NAME)";
				SWIFT_EMIT_LOC_STRINGS = YES;
				SWIFT_VERSION = 5.0;
				TARGETED_DEVICE_FAMILY = "1,2";
			};
			name = Release;
		};
/* End XCBuildConfiguration section */

/* Begin XCConfigurationList section */
		3BC64D2B27DA0D74008C6416 /* Build configuration list for PBXProject "onoApps" */ = {
			isa = XCConfigurationList;
			buildConfigurations = (
				3BC64D4227DA0D78008C6416 /* Debug */,
				3BC64D4327DA0D78008C6416 /* Release */,
			);
			defaultConfigurationIsVisible = 0;
			defaultConfigurationName = Release;
		};
		3BC64D4427DA0D78008C6416 /* Build configuration list for PBXNativeTarget "onoApps" */ = {
			isa = XCConfigurationList;
			buildConfigurations = (
				3BC64D4527DA0D78008C6416 /* Debug */,
				3BC64D4627DA0D78008C6416 /* Release */,
			);
			defaultConfigurationIsVisible = 0;
			defaultConfigurationName = Release;
		};
/* End XCConfigurationList section */
	};
	rootObject = 3BC64D2827DA0D74008C6416 /* Project object */;
}
